// !$*UTF8*$!
{
	archiveVersion = 1;
	classes = {
	};
	objectVersion = 50;
	objects = {

/* Begin PBXBuildFile section */
		881186EA2498062200481D36 /* ThisWeekLogo+Title1.png in Resources */ = {isa = PBXBuildFile; fileRef = 881186E92498062200481D36 /* ThisWeekLogo+Title1.png */; };
		881186EC2498090300481D36 /* ThisWeek logo.png in Resources */ = {isa = PBXBuildFile; fileRef = 881186EB2498090300481D36 /* ThisWeek logo.png */; };
		882BFE7B248A870A00DC5F03 /* CloudKit.framework in Frameworks */ = {isa = PBXBuildFile; fileRef = 882BFE7A248A870A00DC5F03 /* CloudKit.framework */; };
		8838D280247D6E5400A45448 /* ThisWeek.swift in Sources */ = {isa = PBXBuildFile; fileRef = 8838D27F247D6E5400A45448 /* ThisWeek.swift */; };
		8838D282247D6F7600A45448 /* Day.swift in Sources */ = {isa = PBXBuildFile; fileRef = 8838D281247D6F7600A45448 /* Day.swift */; };
		8838D284247D704D00A45448 /* Activity.swift in Sources */ = {isa = PBXBuildFile; fileRef = 8838D283247D704D00A45448 /* Activity.swift */; };
		8838D286247DBADB00A45448 /* SectionTableViewCell.swift in Sources */ = {isa = PBXBuildFile; fileRef = 8838D285247DBADB00A45448 /* SectionTableViewCell.swift */; };
		883D396624928E09008B1CAB /* InfoPlist.strings in Resources */ = {isa = PBXBuildFile; fileRef = 883D396424928E09008B1CAB /* InfoPlist.strings */; };
		883D396924928E09008B1CAB /* Localizable.strings in Resources */ = {isa = PBXBuildFile; fileRef = 883D396724928E09008B1CAB /* Localizable.strings */; };
		884E2CEB248047E200B8EDC4 /* SetReminderViewController.swift in Sources */ = {isa = PBXBuildFile; fileRef = 884E2CEA248047E200B8EDC4 /* SetReminderViewController.swift */; };
		8854C76E24898649000FDE58 /* CloudKitExtension.swift in Sources */ = {isa = PBXBuildFile; fileRef = 8854C76D24898649000FDE58 /* CloudKitExtension.swift */; };
		8854C77024898A9E000FDE58 /* CloudThisWeekViewController.swift in Sources */ = {isa = PBXBuildFile; fileRef = 8854C76F24898A9E000FDE58 /* CloudThisWeekViewController.swift */; };
		886B62D524883391006A2E9A /* SetDateViewController.swift in Sources */ = {isa = PBXBuildFile; fileRef = 886B62D424883391006A2E9A /* SetDateViewController.swift */; };
		8874DBC9247D6B9000B51EE0 /* AppDelegate.swift in Sources */ = {isa = PBXBuildFile; fileRef = 8874DBC8247D6B9000B51EE0 /* AppDelegate.swift */; };
		8874DBCB247D6B9000B51EE0 /* SceneDelegate.swift in Sources */ = {isa = PBXBuildFile; fileRef = 8874DBCA247D6B9000B51EE0 /* SceneDelegate.swift */; };
		8874DBCD247D6B9000B51EE0 /* ThisWeekViewController.swift in Sources */ = {isa = PBXBuildFile; fileRef = 8874DBCC247D6B9000B51EE0 /* ThisWeekViewController.swift */; };
		8874DBD0247D6B9000B51EE0 /* Main.storyboard in Resources */ = {isa = PBXBuildFile; fileRef = 8874DBCE247D6B9000B51EE0 /* Main.storyboard */; };
		8874DBD2247D6B9300B51EE0 /* Assets.xcassets in Resources */ = {isa = PBXBuildFile; fileRef = 8874DBD1247D6B9300B51EE0 /* Assets.xcassets */; };
		8874DBD5247D6B9300B51EE0 /* LaunchScreen.storyboard in Resources */ = {isa = PBXBuildFile; fileRef = 8874DBD3247D6B9300B51EE0 /* LaunchScreen.storyboard */; };
		887CEBC4247EC9AF001047FE /* UndoneActionTableViewCell.swift in Sources */ = {isa = PBXBuildFile; fileRef = 887CEBC3247EC9AF001047FE /* UndoneActionTableViewCell.swift */; };
		88ECADBA2486A2F100ED57BA /* OnboardingViewController.swift in Sources */ = {isa = PBXBuildFile; fileRef = 88ECADB92486A2F100ED57BA /* OnboardingViewController.swift */; };
/* End PBXBuildFile section */

/* Begin PBXFileReference section */
		881186E92498062200481D36 /* ThisWeekLogo+Title1.png */ = {isa = PBXFileReference; lastKnownFileType = image.png; path = "ThisWeekLogo+Title1.png"; sourceTree = "<group>"; };
		881186EB2498090300481D36 /* ThisWeek logo.png */ = {isa = PBXFileReference; lastKnownFileType = image.png; path = "ThisWeek logo.png"; sourceTree = "<group>"; };
		882BFE7A248A870A00DC5F03 /* CloudKit.framework */ = {isa = PBXFileReference; lastKnownFileType = wrapper.framework; name = CloudKit.framework; path = System/Library/Frameworks/CloudKit.framework; sourceTree = SDKROOT; };
		8838D27F247D6E5400A45448 /* ThisWeek.swift */ = {isa = PBXFileReference; lastKnownFileType = sourcecode.swift; path = ThisWeek.swift; sourceTree = "<group>"; };
		8838D281247D6F7600A45448 /* Day.swift */ = {isa = PBXFileReference; lastKnownFileType = sourcecode.swift; path = Day.swift; sourceTree = "<group>"; };
		8838D283247D704D00A45448 /* Activity.swift */ = {isa = PBXFileReference; lastKnownFileType = sourcecode.swift; path = Activity.swift; sourceTree = "<group>"; };
		8838D285247DBADB00A45448 /* SectionTableViewCell.swift */ = {isa = PBXFileReference; lastKnownFileType = sourcecode.swift; path = SectionTableViewCell.swift; sourceTree = "<group>"; };
		883D396224927D71008B1CAB /* es */ = {isa = PBXFileReference; lastKnownFileType = text.plist.strings; name = es; path = es.lproj/Main.strings; sourceTree = "<group>"; };
		883D396324927D71008B1CAB /* es */ = {isa = PBXFileReference; lastKnownFileType = text.plist.strings; name = es; path = es.lproj/LaunchScreen.strings; sourceTree = "<group>"; };
		883D396524928E09008B1CAB /* es */ = {isa = PBXFileReference; lastKnownFileType = text.plist.strings; name = es; path = es.lproj/InfoPlist.strings; sourceTree = "<group>"; };
		883D396824928E09008B1CAB /* es */ = {isa = PBXFileReference; lastKnownFileType = text.plist.strings; name = es; path = es.lproj/Localizable.strings; sourceTree = "<group>"; };
		884E2CEA248047E200B8EDC4 /* SetReminderViewController.swift */ = {isa = PBXFileReference; lastKnownFileType = sourcecode.swift; path = SetReminderViewController.swift; sourceTree = "<group>"; };
		8854C76D24898649000FDE58 /* CloudKitExtension.swift */ = {isa = PBXFileReference; lastKnownFileType = sourcecode.swift; path = CloudKitExtension.swift; sourceTree = "<group>"; };
		8854C76F24898A9E000FDE58 /* CloudThisWeekViewController.swift */ = {isa = PBXFileReference; lastKnownFileType = sourcecode.swift; path = CloudThisWeekViewController.swift; sourceTree = "<group>"; };
		886B62D424883391006A2E9A /* SetDateViewController.swift */ = {isa = PBXFileReference; lastKnownFileType = sourcecode.swift; path = SetDateViewController.swift; sourceTree = "<group>"; };
		8874DBC5247D6B9000B51EE0 /* ThisWeek.app */ = {isa = PBXFileReference; explicitFileType = wrapper.application; includeInIndex = 0; path = ThisWeek.app; sourceTree = BUILT_PRODUCTS_DIR; };
		8874DBC8247D6B9000B51EE0 /* AppDelegate.swift */ = {isa = PBXFileReference; lastKnownFileType = sourcecode.swift; path = AppDelegate.swift; sourceTree = "<group>"; };
		8874DBCA247D6B9000B51EE0 /* SceneDelegate.swift */ = {isa = PBXFileReference; lastKnownFileType = sourcecode.swift; path = SceneDelegate.swift; sourceTree = "<group>"; };
		8874DBCC247D6B9000B51EE0 /* ThisWeekViewController.swift */ = {isa = PBXFileReference; lastKnownFileType = sourcecode.swift; path = ThisWeekViewController.swift; sourceTree = "<group>"; };
		8874DBCF247D6B9000B51EE0 /* Base */ = {isa = PBXFileReference; lastKnownFileType = file.storyboard; name = Base; path = Base.lproj/Main.storyboard; sourceTree = "<group>"; };
		8874DBD1247D6B9300B51EE0 /* Assets.xcassets */ = {isa = PBXFileReference; lastKnownFileType = folder.assetcatalog; path = Assets.xcassets; sourceTree = "<group>"; };
		8874DBD4247D6B9300B51EE0 /* Base */ = {isa = PBXFileReference; lastKnownFileType = file.storyboard; name = Base; path = Base.lproj/LaunchScreen.storyboard; sourceTree = "<group>"; };
		8874DBD6247D6B9300B51EE0 /* Info.plist */ = {isa = PBXFileReference; lastKnownFileType = text.plist.xml; path = Info.plist; sourceTree = "<group>"; };
		8878DB43248A84580014317A /* ThisWeek.entitlements */ = {isa = PBXFileReference; lastKnownFileType = text.plist.entitlements; path = ThisWeek.entitlements; sourceTree = "<group>"; };
		887CEBC3247EC9AF001047FE /* UndoneActionTableViewCell.swift */ = {isa = PBXFileReference; lastKnownFileType = sourcecode.swift; path = UndoneActionTableViewCell.swift; sourceTree = "<group>"; };
		88ECADB92486A2F100ED57BA /* OnboardingViewController.swift */ = {isa = PBXFileReference; lastKnownFileType = sourcecode.swift; path = OnboardingViewController.swift; sourceTree = "<group>"; };
/* End PBXFileReference section */

/* Begin PBXFrameworksBuildPhase section */
		8874DBC2247D6B9000B51EE0 /* Frameworks */ = {
			isa = PBXFrameworksBuildPhase;
			buildActionMask = 2147483647;
			files = (
				882BFE7B248A870A00DC5F03 /* CloudKit.framework in Frameworks */,
			);
			runOnlyForDeploymentPostprocessing = 0;
		};
/* End PBXFrameworksBuildPhase section */

/* Begin PBXGroup section */
		882BFE79248A870A00DC5F03 /* Frameworks */ = {
			isa = PBXGroup;
			children = (
				882BFE7A248A870A00DC5F03 /* CloudKit.framework */,
			);
			name = Frameworks;
			sourceTree = "<group>";
		};
		8874DBBC247D6B9000B51EE0 = {
			isa = PBXGroup;
			children = (
				8874DBC7247D6B9000B51EE0 /* ThisWeek */,
				8874DBC6247D6B9000B51EE0 /* Products */,
				882BFE79248A870A00DC5F03 /* Frameworks */,
			);
			sourceTree = "<group>";
		};
		8874DBC6247D6B9000B51EE0 /* Products */ = {
			isa = PBXGroup;
			children = (
				8874DBC5247D6B9000B51EE0 /* ThisWeek.app */,
			);
			name = Products;
			sourceTree = "<group>";
		};
		8874DBC7247D6B9000B51EE0 /* ThisWeek */ = {
			isa = PBXGroup;
			children = (
				88ECADB92486A2F100ED57BA /* OnboardingViewController.swift */,
				8874DBCE247D6B9000B51EE0 /* Main.storyboard */,
				8874DBCC247D6B9000B51EE0 /* ThisWeekViewController.swift */,
				884E2CEA248047E200B8EDC4 /* SetReminderViewController.swift */,
				886B62D424883391006A2E9A /* SetDateViewController.swift */,
				887CEBC3247EC9AF001047FE /* UndoneActionTableViewCell.swift */,
				8838D285247DBADB00A45448 /* SectionTableViewCell.swift */,
				8838D27F247D6E5400A45448 /* ThisWeek.swift */,
				8838D281247D6F7600A45448 /* Day.swift */,
				8838D283247D704D00A45448 /* Activity.swift */,
				8854C76F24898A9E000FDE58 /* CloudThisWeekViewController.swift */,
				8854C76D24898649000FDE58 /* CloudKitExtension.swift */,
				8874DBD6247D6B9300B51EE0 /* Info.plist */,
				883D396724928E09008B1CAB /* Localizable.strings */,
				883D396424928E09008B1CAB /* InfoPlist.strings */,
				8878DB43248A84580014317A /* ThisWeek.entitlements */,
				8874DBDC247D6C3600B51EE0 /* SupportingFiles */,
			);
			path = ThisWeek;
			sourceTree = "<group>";
		};
		8874DBDC247D6C3600B51EE0 /* SupportingFiles */ = {
			isa = PBXGroup;
			children = (
				8874DBC8247D6B9000B51EE0 /* AppDelegate.swift */,
				8874DBD1247D6B9300B51EE0 /* Assets.xcassets */,
				8874DBCA247D6B9000B51EE0 /* SceneDelegate.swift */,
				8874DBD3247D6B9300B51EE0 /* LaunchScreen.storyboard */,
				881186E92498062200481D36 /* ThisWeekLogo+Title1.png */,
				881186EB2498090300481D36 /* ThisWeek logo.png */,
			);
			path = SupportingFiles;
			sourceTree = "<group>";
		};
/* End PBXGroup section */

/* Begin PBXNativeTarget section */
		8874DBC4247D6B9000B51EE0 /* ThisWeek */ = {
			isa = PBXNativeTarget;
			buildConfigurationList = 8874DBD9247D6B9300B51EE0 /* Build configuration list for PBXNativeTarget "ThisWeek" */;
			buildPhases = (
				8874DBC1247D6B9000B51EE0 /* Sources */,
				8874DBC2247D6B9000B51EE0 /* Frameworks */,
				8874DBC3247D6B9000B51EE0 /* Resources */,
			);
			buildRules = (
			);
			dependencies = (
			);
			name = ThisWeek;
			productName = ThisWeek;
			productReference = 8874DBC5247D6B9000B51EE0 /* ThisWeek.app */;
			productType = "com.apple.product-type.application";
		};
/* End PBXNativeTarget section */

/* Begin PBXProject section */
		8874DBBD247D6B9000B51EE0 /* Project object */ = {
			isa = PBXProject;
			attributes = {
				LastSwiftUpdateCheck = 1150;
				LastUpgradeCheck = 1150;
				ORGANIZATIONNAME = Emanuel;
				TargetAttributes = {
					8874DBC4247D6B9000B51EE0 = {
						CreatedOnToolsVersion = 11.5;
					};
				};
			};
			buildConfigurationList = 8874DBC0247D6B9000B51EE0 /* Build configuration list for PBXProject "ThisWeek" */;
			compatibilityVersion = "Xcode 9.3";
			developmentRegion = en;
			hasScannedForEncodings = 0;
			knownRegions = (
				en,
				Base,
				es,
			);
			mainGroup = 8874DBBC247D6B9000B51EE0;
			productRefGroup = 8874DBC6247D6B9000B51EE0 /* Products */;
			projectDirPath = "";
			projectRoot = "";
			targets = (
				8874DBC4247D6B9000B51EE0 /* ThisWeek */,
			);
		};
/* End PBXProject section */

/* Begin PBXResourcesBuildPhase section */
		8874DBC3247D6B9000B51EE0 /* Resources */ = {
			isa = PBXResourcesBuildPhase;
			buildActionMask = 2147483647;
			files = (
				8874DBD5247D6B9300B51EE0 /* LaunchScreen.storyboard in Resources */,
				883D396624928E09008B1CAB /* InfoPlist.strings in Resources */,
				881186EA2498062200481D36 /* ThisWeekLogo+Title1.png in Resources */,
				8874DBD2247D6B9300B51EE0 /* Assets.xcassets in Resources */,
				883D396924928E09008B1CAB /* Localizable.strings in Resources */,
				8874DBD0247D6B9000B51EE0 /* Main.storyboard in Resources */,
				881186EC2498090300481D36 /* ThisWeek logo.png in Resources */,
			);
			runOnlyForDeploymentPostprocessing = 0;
		};
/* End PBXResourcesBuildPhase section */

/* Begin PBXSourcesBuildPhase section */
		8874DBC1247D6B9000B51EE0 /* Sources */ = {
			isa = PBXSourcesBuildPhase;
			buildActionMask = 2147483647;
			files = (
				8874DBCD247D6B9000B51EE0 /* ThisWeekViewController.swift in Sources */,
				884E2CEB248047E200B8EDC4 /* SetReminderViewController.swift in Sources */,
				8838D286247DBADB00A45448 /* SectionTableViewCell.swift in Sources */,
				886B62D524883391006A2E9A /* SetDateViewController.swift in Sources */,
				8838D280247D6E5400A45448 /* ThisWeek.swift in Sources */,
				8874DBC9247D6B9000B51EE0 /* AppDelegate.swift in Sources */,
				8854C76E24898649000FDE58 /* CloudKitExtension.swift in Sources */,
				8854C77024898A9E000FDE58 /* CloudThisWeekViewController.swift in Sources */,
				887CEBC4247EC9AF001047FE /* UndoneActionTableViewCell.swift in Sources */,
				8838D282247D6F7600A45448 /* Day.swift in Sources */,
				88ECADBA2486A2F100ED57BA /* OnboardingViewController.swift in Sources */,
				8838D284247D704D00A45448 /* Activity.swift in Sources */,
				8874DBCB247D6B9000B51EE0 /* SceneDelegate.swift in Sources */,
			);
			runOnlyForDeploymentPostprocessing = 0;
		};
/* End PBXSourcesBuildPhase section */

/* Begin PBXVariantGroup section */
		883D396424928E09008B1CAB /* InfoPlist.strings */ = {
			isa = PBXVariantGroup;
			children = (
				883D396524928E09008B1CAB /* es */,
			);
			name = InfoPlist.strings;
			sourceTree = "<group>";
		};
		883D396724928E09008B1CAB /* Localizable.strings */ = {
			isa = PBXVariantGroup;
			children = (
				883D396824928E09008B1CAB /* es */,
			);
			name = Localizable.strings;
			sourceTree = "<group>";
		};
		8874DBCE247D6B9000B51EE0 /* Main.storyboard */ = {
			isa = PBXVariantGroup;
			children = (
				8874DBCF247D6B9000B51EE0 /* Base */,
				883D396224927D71008B1CAB /* es */,
			);
			name = Main.storyboard;
			sourceTree = "<group>";
		};
		8874DBD3247D6B9300B51EE0 /* LaunchScreen.storyboard */ = {
			isa = PBXVariantGroup;
			children = (
				8874DBD4247D6B9300B51EE0 /* Base */,
				883D396324927D71008B1CAB /* es */,
			);
			name = LaunchScreen.storyboard;
			sourceTree = "<group>";
		};
/* End PBXVariantGroup section */

/* Begin XCBuildConfiguration section */
		8874DBD7247D6B9300B51EE0 /* Debug */ = {
			isa = XCBuildConfiguration;
			buildSettings = {
				ALWAYS_SEARCH_USER_PATHS = NO;
				CLANG_ANALYZER_LOCALIZABILITY_NONLOCALIZED = YES;
				CLANG_ANALYZER_NONNULL = YES;
				CLANG_ANALYZER_NUMBER_OBJECT_CONVERSION = YES_AGGRESSIVE;
				CLANG_CXX_LANGUAGE_STANDARD = "gnu++14";
				CLANG_CXX_LIBRARY = "libc++";
				CLANG_ENABLE_MODULES = YES;
				CLANG_ENABLE_OBJC_ARC = YES;
				CLANG_ENABLE_OBJC_WEAK = YES;
				CLANG_WARN_BLOCK_CAPTURE_AUTORELEASING = YES;
				CLANG_WARN_BOOL_CONVERSION = YES;
				CLANG_WARN_COMMA = YES;
				CLANG_WARN_CONSTANT_CONVERSION = YES;
				CLANG_WARN_DEPRECATED_OBJC_IMPLEMENTATIONS = YES;
				CLANG_WARN_DIRECT_OBJC_ISA_USAGE = YES_ERROR;
				CLANG_WARN_DOCUMENTATION_COMMENTS = YES;
				CLANG_WARN_EMPTY_BODY = YES;
				CLANG_WARN_ENUM_CONVERSION = YES;
				CLANG_WARN_INFINITE_RECURSION = YES;
				CLANG_WARN_INT_CONVERSION = YES;
				CLANG_WARN_NON_LITERAL_NULL_CONVERSION = YES;
				CLANG_WARN_OBJC_IMPLICIT_RETAIN_SELF = YES;
				CLANG_WARN_OBJC_LITERAL_CONVERSION = YES;
				CLANG_WARN_OBJC_ROOT_CLASS = YES_ERROR;
				CLANG_WARN_RANGE_LOOP_ANALYSIS = YES;
				CLANG_WARN_STRICT_PROTOTYPES = YES;
				CLANG_WARN_SUSPICIOUS_MOVE = YES;
				CLANG_WARN_UNGUARDED_AVAILABILITY = YES_AGGRESSIVE;
				CLANG_WARN_UNREACHABLE_CODE = YES;
				CLANG_WARN__DUPLICATE_METHOD_MATCH = YES;
				COPY_PHASE_STRIP = NO;
				DEBUG_INFORMATION_FORMAT = dwarf;
				ENABLE_STRICT_OBJC_MSGSEND = YES;
				ENABLE_TESTABILITY = YES;
				GCC_C_LANGUAGE_STANDARD = gnu11;
				GCC_DYNAMIC_NO_PIC = NO;
				GCC_NO_COMMON_BLOCKS = YES;
				GCC_OPTIMIZATION_LEVEL = 0;
				GCC_PREPROCESSOR_DEFINITIONS = (
					"DEBUG=1",
					"$(inherited)",
				);
				GCC_WARN_64_TO_32_BIT_CONVERSION = YES;
				GCC_WARN_ABOUT_RETURN_TYPE = YES_ERROR;
				GCC_WARN_UNDECLARED_SELECTOR = YES;
				GCC_WARN_UNINITIALIZED_AUTOS = YES_AGGRESSIVE;
				GCC_WARN_UNUSED_FUNCTION = YES;
				GCC_WARN_UNUSED_VARIABLE = YES;
				IPHONEOS_DEPLOYMENT_TARGET = 13.5;
				MTL_ENABLE_DEBUG_INFO = INCLUDE_SOURCE;
				MTL_FAST_MATH = YES;
				ONLY_ACTIVE_ARCH = YES;
				SDKROOT = iphoneos;
				SWIFT_ACTIVE_COMPILATION_CONDITIONS = DEBUG;
				SWIFT_OPTIMIZATION_LEVEL = "-Onone";
			};
			name = Debug;
		};
		8874DBD8247D6B9300B51EE0 /* Release */ = {
			isa = XCBuildConfiguration;
			buildSettings = {
				ALWAYS_SEARCH_USER_PATHS = NO;
				CLANG_ANALYZER_LOCALIZABILITY_NONLOCALIZED = YES;
				CLANG_ANALYZER_NONNULL = YES;
				CLANG_ANALYZER_NUMBER_OBJECT_CONVERSION = YES_AGGRESSIVE;
				CLANG_CXX_LANGUAGE_STANDARD = "gnu++14";
				CLANG_CXX_LIBRARY = "libc++";
				CLANG_ENABLE_MODULES = YES;
				CLANG_ENABLE_OBJC_ARC = YES;
				CLANG_ENABLE_OBJC_WEAK = YES;
				CLANG_WARN_BLOCK_CAPTURE_AUTORELEASING = YES;
				CLANG_WARN_BOOL_CONVERSION = YES;
				CLANG_WARN_COMMA = YES;
				CLANG_WARN_CONSTANT_CONVERSION = YES;
				CLANG_WARN_DEPRECATED_OBJC_IMPLEMENTATIONS = YES;
				CLANG_WARN_DIRECT_OBJC_ISA_USAGE = YES_ERROR;
				CLANG_WARN_DOCUMENTATION_COMMENTS = YES;
				CLANG_WARN_EMPTY_BODY = YES;
				CLANG_WARN_ENUM_CONVERSION = YES;
				CLANG_WARN_INFINITE_RECURSION = YES;
				CLANG_WARN_INT_CONVERSION = YES;
				CLANG_WARN_NON_LITERAL_NULL_CONVERSION = YES;
				CLANG_WARN_OBJC_IMPLICIT_RETAIN_SELF = YES;
				CLANG_WARN_OBJC_LITERAL_CONVERSION = YES;
				CLANG_WARN_OBJC_ROOT_CLASS = YES_ERROR;
				CLANG_WARN_RANGE_LOOP_ANALYSIS = YES;
				CLANG_WARN_STRICT_PROTOTYPES = YES;
				CLANG_WARN_SUSPICIOUS_MOVE = YES;
				CLANG_WARN_UNGUARDED_AVAILABILITY = YES_AGGRESSIVE;
				CLANG_WARN_UNREACHABLE_CODE = YES;
				CLANG_WARN__DUPLICATE_METHOD_MATCH = YES;
				COPY_PHASE_STRIP = NO;
				DEBUG_INFORMATION_FORMAT = "dwarf-with-dsym";
				ENABLE_NS_ASSERTIONS = NO;
				ENABLE_STRICT_OBJC_MSGSEND = YES;
				GCC_C_LANGUAGE_STANDARD = gnu11;
				GCC_NO_COMMON_BLOCKS = YES;
				GCC_WARN_64_TO_32_BIT_CONVERSION = YES;
				GCC_WARN_ABOUT_RETURN_TYPE = YES_ERROR;
				GCC_WARN_UNDECLARED_SELECTOR = YES;
				GCC_WARN_UNINITIALIZED_AUTOS = YES_AGGRESSIVE;
				GCC_WARN_UNUSED_FUNCTION = YES;
				GCC_WARN_UNUSED_VARIABLE = YES;
				IPHONEOS_DEPLOYMENT_TARGET = 13.5;
				MTL_ENABLE_DEBUG_INFO = NO;
				MTL_FAST_MATH = YES;
				SDKROOT = iphoneos;
				SWIFT_COMPILATION_MODE = wholemodule;
				SWIFT_OPTIMIZATION_LEVEL = "-O";
				VALIDATE_PRODUCT = YES;
			};
			name = Release;
		};
		8874DBDA247D6B9300B51EE0 /* Debug */ = {
			isa = XCBuildConfiguration;
			buildSettings = {
				ASSETCATALOG_COMPILER_APPICON_NAME = AppIcon;
				CODE_SIGN_ENTITLEMENTS = ThisWeek/ThisWeek.entitlements;
				CODE_SIGN_STYLE = Automatic;
				DEVELOPMENT_TEAM = 325CWX756R;
				INFOPLIST_FILE = ThisWeek/Info.plist;
				IPHONEOS_DEPLOYMENT_TARGET = 13.5;
				LD_RUNPATH_SEARCH_PATHS = (
					"$(inherited)",
					"@executable_path/Frameworks",
				);
				PRODUCT_BUNDLE_IDENTIFIER = Emanuel.ThisWeek;
				PRODUCT_NAME = "$(TARGET_NAME)";
				SWIFT_VERSION = 5.0;
				TARGETED_DEVICE_FAMILY = "1,2";
			};
			name = Debug;
		};
		8874DBDB247D6B9300B51EE0 /* Release */ = {
			isa = XCBuildConfiguration;
			buildSettings = {
				ASSETCATALOG_COMPILER_APPICON_NAME = AppIcon;
				CODE_SIGN_ENTITLEMENTS = ThisWeek/ThisWeek.entitlements;
				CODE_SIGN_STYLE = Automatic;
				DEVELOPMENT_TEAM = 325CWX756R;
				INFOPLIST_FILE = ThisWeek/Info.plist;
				IPHONEOS_DEPLOYMENT_TARGET = 13.5;
				LD_RUNPATH_SEARCH_PATHS = (
					"$(inherited)",
					"@executable_path/Frameworks",
				);
				PRODUCT_BUNDLE_IDENTIFIER = Emanuel.ThisWeek;
				PRODUCT_NAME = "$(TARGET_NAME)";
				SWIFT_VERSION = 5.0;
				TARGETED_DEVICE_FAMILY = "1,2";
			};
			name = Release;
		};
/* End XCBuildConfiguration section */

/* Begin XCConfigurationList section */
		8874DBC0247D6B9000B51EE0 /* Build configuration list for PBXProject "ThisWeek" */ = {
			isa = XCConfigurationList;
			buildConfigurations = (
				8874DBD7247D6B9300B51EE0 /* Debug */,
				8874DBD8247D6B9300B51EE0 /* Release */,
			);
			defaultConfigurationIsVisible = 0;
			defaultConfigurationName = Release;
		};
		8874DBD9247D6B9300B51EE0 /* Build configuration list for PBXNativeTarget "ThisWeek" */ = {
			isa = XCConfigurationList;
			buildConfigurations = (
				8874DBDA247D6B9300B51EE0 /* Debug */,
				8874DBDB247D6B9300B51EE0 /* Release */,
			);
			defaultConfigurationIsVisible = 0;
			defaultConfigurationName = Release;
		};
/* End XCConfigurationList section */
	};
	rootObject = 8874DBBD247D6B9000B51EE0 /* Project object */;
}
